
Microsoft Visual Studio Solution File, Format Version 12.00
# Visual Studio 15
VisualStudioVersion = 15.0.27130.2024
MinimumVisualStudioVersion = 10.0.40219.1
Project("{9A19103F-16F7-4668-BE54-9A1E7A4F7556}") = "DSerfozo.RpcBindings", "src\DSerfozo.RpcBindings\DSerfozo.RpcBindings.csproj", "{9B7583D6-D83F-4184-AE30-078F0B46367B}"
EndProject
Project("{9A19103F-16F7-4668-BE54-9A1E7A4F7556}") = "DSerfozo.RpcBindings.Tests", "tests\DSerfozo.RpcBindings.Tests\DSerfozo.RpcBindings.Tests.csproj", "{61C482AC-65F2-4D3D-AC6C-E091BDB35C4B}"
EndProject
Project("{2150E333-8FDC-42A3-9474-1A3956D46DE8}") = "Build", "Build", "{F783B55D-8CA5-45A8-AC22-A4C5C24D1FC0}"
	ProjectSection(SolutionItems) = preProject
		appveyor.yml = appveyor.yml
		src\Directory.Build.props = src\Directory.Build.props
		src\build\key.snk = src\build\key.snk
		src\version.props = src\version.props
	EndProjectSection
EndProject
Project("{2150E333-8FDC-42A3-9474-1A3956D46DE8}") = "src", "src", "{8B1F5C30-2D2B-4631-B99F-A15FB1429DB1}"
EndProject
Project("{2150E333-8FDC-42A3-9474-1A3956D46DE8}") = "tests", "tests", "{BA9588B5-3A47-4360-A6DC-3470120B863D}"
EndProject
Global
	GlobalSection(SolutionConfigurationPlatforms) = preSolution
		Debug|Any CPU = Debug|Any CPU
		Release|Any CPU = Release|Any CPU
	EndGlobalSection
	GlobalSection(ProjectConfigurationPlatforms) = postSolution
		{9B7583D6-D83F-4184-AE30-078F0B46367B}.Debug|Any CPU.ActiveCfg = Debug|Any CPU
		{9B7583D6-D83F-4184-AE30-078F0B46367B}.Debug|Any CPU.Build.0 = Debug|Any CPU
		{9B7583D6-D83F-4184-AE30-078F0B46367B}.Release|Any CPU.ActiveCfg = Release|Any CPU
		{9B7583D6-D83F-4184-AE30-078F0B46367B}.Release|Any CPU.Build.0 = Release|Any CPU
		{61C482AC-65F2-4D3D-AC6C-E091BDB35C4B}.Debug|Any CPU.ActiveCfg = Debug|Any CPU
		{61C482AC-65F2-4D3D-AC6C-E091BDB35C4B}.Debug|Any CPU.Build.0 = Debug|Any CPU
		{61C482AC-65F2-4D3D-AC6C-E091BDB35C4B}.Release|Any CPU.ActiveCfg = Release|Any CPU
		{61C482AC-65F2-4D3D-AC6C-E091BDB35C4B}.Release|Any CPU.Build.0 = Release|Any CPU
	EndGlobalSection
	GlobalSection(SolutionProperties) = preSolution
		HideSolutionNode = FALSE
	EndGlobalSection
	GlobalSection(NestedProjects) = preSolution
		{9B7583D6-D83F-4184-AE30-078F0B46367B} = {8B1F5C30-2D2B-4631-B99F-A15FB1429DB1}
		{61C482AC-65F2-4D3D-AC6C-E091BDB35C4B} = {BA9588B5-3A47-4360-A6DC-3470120B863D}
	EndGlobalSection
	GlobalSection(ExtensibilityGlobals) = postSolution
		SolutionGuid = {4788EFF0-E104-4324-9512-190F64CCBECC}
	EndGlobalSection
EndGlobal
