
Microsoft Visual Studio Solution File, Format Version 12.00
# Visual Studio 15
VisualStudioVersion = 15.0.27130.2024
MinimumVisualStudioVersion = 10.0.40219.1
Project("{9A19103F-16F7-4668-BE54-9A1E7A4F7556}") = "DSerfozo.RpcBindings", "src\DSerfozo.RpcBindings\DSerfozo.RpcBindings.csproj", "{9B7583D6-D83F-4184-AE30-078F0B46367B}"
EndProject
Project("{9A19103F-16F7-4668-BE54-9A1E7A4F7556}") = "DSerfozo.RpcBindings.Tests", "tests\DSerfozo.RpcBindings.Tests\DSerfozo.RpcBindings.Tests.csproj", "{61C482AC-65F2-4D3D-AC6C-E091BDB35C4B}"
EndProject
Project("{9A19103F-16F7-4668-BE54-9A1E7A4F7556}") = "DSerfozo.NodeServices", "tests\DSerfozo.NodeServices\DSerfozo.NodeServices.csproj", "{341B3E7D-2453-4C87-B33E-B75805D87178}"
EndProject
Project("{9A19103F-16F7-4668-BE54-9A1E7A4F7556}") = "DSerfozo.NodeServices.Sockets", "tests\DSerfozo.NodeServices.Sockets\DSerfozo.NodeServices.Sockets.csproj", "{422D9BCF-992B-4C73-9832-D1830AE966D3}"
EndProject
Project("{2150E333-8FDC-42A3-9474-1A3956D46DE8}") = "Build", "Build", "{F783B55D-8CA5-45A8-AC22-A4C5C24D1FC0}"
	ProjectSection(SolutionItems) = preProject
		appveyor.yml = appveyor.yml
		src\Directory.Build.props = src\Directory.Build.props
		src\build\key.snk = src\build\key.snk
		src\version.props = src\version.props
	EndProjectSection
EndProject
Project("{9A19103F-16F7-4668-BE54-9A1E7A4F7556}") = "DSerfozo.RpcBindings.Json", "src\DSerfozo.RpcBindings.Json\DSerfozo.RpcBindings.Json.csproj", "{F021DC54-B3BE-4ECB-94B7-A148B789F1E3}"
EndProject
Project("{9A19103F-16F7-4668-BE54-9A1E7A4F7556}") = "DSerfozo.RpcBindings.Json.Tests", "tests\DSerfozo.RpcBindings.Json.Tests\DSerfozo.RpcBindings.Json.Tests.csproj", "{D07CFA72-7FB6-476A-A1A3-5876BBF12728}"
EndProject
Project("{2150E333-8FDC-42A3-9474-1A3956D46DE8}") = "src", "src", "{8B1F5C30-2D2B-4631-B99F-A15FB1429DB1}"
EndProject
Project("{2150E333-8FDC-42A3-9474-1A3956D46DE8}") = "tests", "tests", "{BA9588B5-3A47-4360-A6DC-3470120B863D}"
EndProject
Project("{9A19103F-16F7-4668-BE54-9A1E7A4F7556}") = "DSerfozo.RpcBindings.Node.IntegrationTests", "tests\DSerfozo.RpcBindings.Node.IntegrationTests\DSerfozo.RpcBindings.Node.IntegrationTests.csproj", "{BF04D446-31A0-412F-A3DB-65D493CF631F}"
EndProject
Project("{9A19103F-16F7-4668-BE54-9A1E7A4F7556}") = "DSerfozo.CefGlue.SubProcess", "tests\DSerfozo.CefGlue.SubProcess\DSerfozo.CefGlue.SubProcess.csproj", "{5175A596-80E1-4D02-A38D-341CDE69AB23}"
EndProject
Project("{9A19103F-16F7-4668-BE54-9A1E7A4F7556}") = "DSerfozo.RpcBindings.CefGlue", "src\DSerfozo.RpcBindings.CefGlue\DSerfozo.RpcBindings.CefGlue.csproj", "{F435BA62-D98E-4DE3-B6C0-4DE53F5071C8}"
EndProject
Project("{9A19103F-16F7-4668-BE54-9A1E7A4F7556}") = "DSerfozo.RpcBindings.CefGlue.IntegrationTests", "tests\DSerfozo.RpcBindings.CefGlue.IntegrationTests\DSerfozo.RpcBindings.CefGlue.IntegrationTests.csproj", "{EF63D315-9227-49CE-A8F4-BA70FD25F949}"
EndProject
Global
	GlobalSection(SolutionConfigurationPlatforms) = preSolution
		Debug|Any CPU = Debug|Any CPU
		Release|Any CPU = Release|Any CPU
	EndGlobalSection
	GlobalSection(ProjectConfigurationPlatforms) = postSolution
		{9B7583D6-D83F-4184-AE30-078F0B46367B}.Debug|Any CPU.ActiveCfg = Debug|Any CPU
		{9B7583D6-D83F-4184-AE30-078F0B46367B}.Debug|Any CPU.Build.0 = Debug|Any CPU
		{9B7583D6-D83F-4184-AE30-078F0B46367B}.Release|Any CPU.ActiveCfg = Release|Any CPU
		{9B7583D6-D83F-4184-AE30-078F0B46367B}.Release|Any CPU.Build.0 = Release|Any CPU
		{61C482AC-65F2-4D3D-AC6C-E091BDB35C4B}.Debug|Any CPU.ActiveCfg = Debug|Any CPU
		{61C482AC-65F2-4D3D-AC6C-E091BDB35C4B}.Debug|Any CPU.Build.0 = Debug|Any CPU
		{61C482AC-65F2-4D3D-AC6C-E091BDB35C4B}.Release|Any CPU.ActiveCfg = Release|Any CPU
		{61C482AC-65F2-4D3D-AC6C-E091BDB35C4B}.Release|Any CPU.Build.0 = Release|Any CPU
		{341B3E7D-2453-4C87-B33E-B75805D87178}.Debug|Any CPU.ActiveCfg = Debug|Any CPU
		{341B3E7D-2453-4C87-B33E-B75805D87178}.Debug|Any CPU.Build.0 = Debug|Any CPU
		{341B3E7D-2453-4C87-B33E-B75805D87178}.Release|Any CPU.ActiveCfg = Release|Any CPU
		{341B3E7D-2453-4C87-B33E-B75805D87178}.Release|Any CPU.Build.0 = Release|Any CPU
		{422D9BCF-992B-4C73-9832-D1830AE966D3}.Debug|Any CPU.ActiveCfg = Debug|Any CPU
		{422D9BCF-992B-4C73-9832-D1830AE966D3}.Debug|Any CPU.Build.0 = Debug|Any CPU
		{422D9BCF-992B-4C73-9832-D1830AE966D3}.Release|Any CPU.ActiveCfg = Release|Any CPU
		{422D9BCF-992B-4C73-9832-D1830AE966D3}.Release|Any CPU.Build.0 = Release|Any CPU
		{F021DC54-B3BE-4ECB-94B7-A148B789F1E3}.Debug|Any CPU.ActiveCfg = Debug|Any CPU
		{F021DC54-B3BE-4ECB-94B7-A148B789F1E3}.Debug|Any CPU.Build.0 = Debug|Any CPU
		{F021DC54-B3BE-4ECB-94B7-A148B789F1E3}.Release|Any CPU.ActiveCfg = Release|Any CPU
		{F021DC54-B3BE-4ECB-94B7-A148B789F1E3}.Release|Any CPU.Build.0 = Release|Any CPU
		{D07CFA72-7FB6-476A-A1A3-5876BBF12728}.Debug|Any CPU.ActiveCfg = Debug|Any CPU
		{D07CFA72-7FB6-476A-A1A3-5876BBF12728}.Debug|Any CPU.Build.0 = Debug|Any CPU
		{D07CFA72-7FB6-476A-A1A3-5876BBF12728}.Release|Any CPU.ActiveCfg = Release|Any CPU
		{D07CFA72-7FB6-476A-A1A3-5876BBF12728}.Release|Any CPU.Build.0 = Release|Any CPU
		{BF04D446-31A0-412F-A3DB-65D493CF631F}.Debug|Any CPU.ActiveCfg = Debug|Any CPU
		{BF04D446-31A0-412F-A3DB-65D493CF631F}.Debug|Any CPU.Build.0 = Debug|Any CPU
		{BF04D446-31A0-412F-A3DB-65D493CF631F}.Release|Any CPU.ActiveCfg = Release|Any CPU
		{BF04D446-31A0-412F-A3DB-65D493CF631F}.Release|Any CPU.Build.0 = Release|Any CPU
		{5175A596-80E1-4D02-A38D-341CDE69AB23}.Debug|Any CPU.ActiveCfg = Debug|Any CPU
		{5175A596-80E1-4D02-A38D-341CDE69AB23}.Debug|Any CPU.Build.0 = Debug|Any CPU
		{5175A596-80E1-4D02-A38D-341CDE69AB23}.Release|Any CPU.ActiveCfg = Release|Any CPU
		{5175A596-80E1-4D02-A38D-341CDE69AB23}.Release|Any CPU.Build.0 = Release|Any CPU
		{F435BA62-D98E-4DE3-B6C0-4DE53F5071C8}.Debug|Any CPU.ActiveCfg = Debug|Any CPU
		{F435BA62-D98E-4DE3-B6C0-4DE53F5071C8}.Debug|Any CPU.Build.0 = Debug|Any CPU
		{F435BA62-D98E-4DE3-B6C0-4DE53F5071C8}.Release|Any CPU.ActiveCfg = Release|Any CPU
		{F435BA62-D98E-4DE3-B6C0-4DE53F5071C8}.Release|Any CPU.Build.0 = Release|Any CPU
		{EF63D315-9227-49CE-A8F4-BA70FD25F949}.Debug|Any CPU.ActiveCfg = Debug|Any CPU
		{EF63D315-9227-49CE-A8F4-BA70FD25F949}.Debug|Any CPU.Build.0 = Debug|Any CPU
		{EF63D315-9227-49CE-A8F4-BA70FD25F949}.Release|Any CPU.ActiveCfg = Release|Any CPU
		{EF63D315-9227-49CE-A8F4-BA70FD25F949}.Release|Any CPU.Build.0 = Release|Any CPU
	EndGlobalSection
	GlobalSection(SolutionProperties) = preSolution
		HideSolutionNode = FALSE
	EndGlobalSection
	GlobalSection(NestedProjects) = preSolution
		{9B7583D6-D83F-4184-AE30-078F0B46367B} = {8B1F5C30-2D2B-4631-B99F-A15FB1429DB1}
		{61C482AC-65F2-4D3D-AC6C-E091BDB35C4B} = {BA9588B5-3A47-4360-A6DC-3470120B863D}
		{341B3E7D-2453-4C87-B33E-B75805D87178} = {BA9588B5-3A47-4360-A6DC-3470120B863D}
		{422D9BCF-992B-4C73-9832-D1830AE966D3} = {BA9588B5-3A47-4360-A6DC-3470120B863D}
		{F021DC54-B3BE-4ECB-94B7-A148B789F1E3} = {8B1F5C30-2D2B-4631-B99F-A15FB1429DB1}
		{D07CFA72-7FB6-476A-A1A3-5876BBF12728} = {BA9588B5-3A47-4360-A6DC-3470120B863D}
		{BF04D446-31A0-412F-A3DB-65D493CF631F} = {BA9588B5-3A47-4360-A6DC-3470120B863D}
		{5175A596-80E1-4D02-A38D-341CDE69AB23} = {BA9588B5-3A47-4360-A6DC-3470120B863D}
		{F435BA62-D98E-4DE3-B6C0-4DE53F5071C8} = {8B1F5C30-2D2B-4631-B99F-A15FB1429DB1}
		{EF63D315-9227-49CE-A8F4-BA70FD25F949} = {BA9588B5-3A47-4360-A6DC-3470120B863D}
	EndGlobalSection
	GlobalSection(ExtensibilityGlobals) = postSolution
		SolutionGuid = {4788EFF0-E104-4324-9512-190F64CCBECC}
	EndGlobalSection
EndGlobal
